
Microsoft Visual Studio Solution File, Format Version 12.00
# Visual Studio 15
VisualStudioVersion = 15.0.28307.271
MinimumVisualStudioVersion = 10.0.40219.1
Project("{FAE04EC0-301F-11D3-BF4B-00C04F79EFBC}") = "pricingCDR", "pricingCDR\pricingCDR.csproj", "{41756DCC-1B5C-426B-A73E-94ABD5D96741}"
EndProject
Global
	GlobalSection(SolutionConfigurationPlatforms) = preSolution
		Debug|Any CPU = Debug|Any CPU
		Release|Any CPU = Release|Any CPU
	EndGlobalSection
	GlobalSection(ProjectConfigurationPlatforms) = postSolution
		{41756DCC-1B5C-426B-A73E-94ABD5D96741}.Debug|Any CPU.ActiveCfg = Debug|Any CPU
		{41756DCC-1B5C-426B-A73E-94ABD5D96741}.Debug|Any CPU.Build.0 = Debug|Any CPU
		{41756DCC-1B5C-426B-A73E-94ABD5D96741}.Release|Any CPU.ActiveCfg = Release|Any CPU
		{41756DCC-1B5C-426B-A73E-94ABD5D96741}.Release|Any CPU.Build.0 = Release|Any CPU
	EndGlobalSection
	GlobalSection(SolutionProperties) = preSolution
		HideSolutionNode = FALSE
	EndGlobalSection
	GlobalSection(ExtensibilityGlobals) = postSolution
		SolutionGuid = {4AD3EF21-FAE6-467B-B392-E74AF33C5150}
	EndGlobalSection
EndGlobal
